{
    "_readme": [
        "This file locks the dependencies of your project to a known state",
        "Read more about it at https://getcomposer.org/doc/01-basic-usage.md#installing-dependencies",
        "This file is @generated automatically"
    ],
    "content-hash": "549eb81eed0276f0775b42a6cc07038b",
    "packages": [
        {
            "name": "monolog/monolog",
            "version": "1.26.1",
            "source": {
                "type": "git",
                "url": "https://github.com/Seldaek/monolog.git",
                "reference": "c6b00f05152ae2c9b04a448f99c7590beb6042f5"
            },
            "dist": {
                "type": "zip",
                "url": "https://api.github.com/repos/Seldaek/monolog/zipball/c6b00f05152ae2c9b04a448f99c7590beb6042f5",
                "reference": "c6b00f05152ae2c9b04a448f99c7590beb6042f5",
                "shasum": ""
            },
            "require": {
                "php": ">=5.3.0",
                "psr/log": "~1.0"
            },
            "provide": {
                "psr/log-implementation": "1.0.0"
            },
            "require-dev": {
                "aws/aws-sdk-php": "^2.4.9 || ^3.0",
                "doctrine/couchdb": "~1.0@dev",
                "graylog2/gelf-php": "~1.0",
                "php-amqplib/php-amqplib": "~2.4",
                "php-console/php-console": "^3.1.3",
                "phpstan/phpstan": "^0.12.59",
                "phpunit/phpunit": "~4.5",
                "ruflin/elastica": ">=0.90 <3.0",
                "sentry/sentry": "^0.13",
                "swiftmailer/swiftmailer": "^5.3|^6.0"
            },
            "suggest": {
                "aws/aws-sdk-php": "Allow sending log messages to AWS services like DynamoDB",
                "doctrine/couchdb": "Allow sending log messages to a CouchDB server",
                "ext-amqp": "Allow sending log messages to an AMQP server (1.0+ required)",
                "ext-mongo": "Allow sending log messages to a MongoDB server",
                "graylog2/gelf-php": "Allow sending log messages to a GrayLog2 server",
                "mongodb/mongodb": "Allow sending log messages to a MongoDB server via PHP Driver",
                "php-amqplib/php-amqplib": "Allow sending log messages to an AMQP server using php-amqplib",
                "php-console/php-console": "Allow sending log messages to Google Chrome",
                "rollbar/rollbar": "Allow sending log messages to Rollbar",
                "ruflin/elastica": "Allow sending log messages to an Elastic Search server",
                "sentry/sentry": "Allow sending log messages to a Sentry server"
            },
            "type": "library",
            "autoload": {
                "psr-4": {
                    "Monolog\\": "src/Monolog"
                }
            },
            "notification-url": "https://packagist.org/downloads/",
            "license": [
                "MIT"
            ],
            "authors": [
                {
                    "name": "Jordi Boggiano",
                    "email": "j.boggiano@seld.be",
                    "homepage": "http://seld.be"
                }
            ],
            "description": "Sends your logs to files, sockets, inboxes, databases and various web services",
            "homepage": "http://github.com/Seldaek/monolog",
            "keywords": [
                "log",
                "logging",
                "psr-3"
            ],
            "support": {
                "issues": "https://github.com/Seldaek/monolog/issues",
                "source": "https://github.com/Seldaek/monolog/tree/1.26.1"
            },
            "funding": [
                {
                    "url": "https://github.com/Seldaek",
                    "type": "github"
                },
                {
                    "url": "https://tidelift.com/funding/github/packagist/monolog/monolog",
                    "type": "tidelift"
                }
            ],
            "time": "2021-05-28T08:32:12+00:00"
        },
        {
            "name": "pimple/pimple",
            "version": "v3.4.0",
            "source": {
                "type": "git",
                "url": "https://github.com/silexphp/Pimple.git",
                "reference": "86406047271859ffc13424a048541f4531f53601"
            },
            "dist": {
                "type": "zip",
                "url": "https://api.github.com/repos/silexphp/Pimple/zipball/86406047271859ffc13424a048541f4531f53601",
                "reference": "86406047271859ffc13424a048541f4531f53601",
                "shasum": ""
            },
            "require": {
                "php": ">=7.2.5",
                "psr/container": "^1.1"
            },
            "require-dev": {
                "symfony/phpunit-bridge": "^5.0"
            },
            "type": "library",
            "extra": {
                "branch-alias": {
                    "dev-master": "3.4.x-dev"
                }
            },
            "autoload": {
                "psr-0": {
                    "Pimple": "src/"
                }
            },
            "notification-url": "https://packagist.org/downloads/",
            "license": [
                "MIT"
            ],
            "authors": [
                {
                    "name": "Fabien Potencier",
                    "email": "fabien@symfony.com"
                }
            ],
            "description": "Pimple, a simple Dependency Injection Container",
            "homepage": "https://pimple.symfony.com",
            "keywords": [
                "container",
                "dependency injection"
            ],
            "support": {
                "source": "https://github.com/silexphp/Pimple/tree/v3.4.0"
            },
            "time": "2021-03-06T08:28:00+00:00"
        },
        {
            "name": "psr/container",
            "version": "1.1.1",
            "source": {
                "type": "git",
                "url": "https://github.com/php-fig/container.git",
                "reference": "8622567409010282b7aeebe4bb841fe98b58dcaf"
            },
            "dist": {
                "type": "zip",
                "url": "https://api.github.com/repos/php-fig/container/zipball/8622567409010282b7aeebe4bb841fe98b58dcaf",
                "reference": "8622567409010282b7aeebe4bb841fe98b58dcaf",
                "shasum": ""
            },
            "require": {
                "php": ">=7.2.0"
            },
            "type": "library",
            "autoload": {
                "psr-4": {
                    "Psr\\Container\\": "src/"
                }
            },
            "notification-url": "https://packagist.org/downloads/",
            "license": [
                "MIT"
            ],
            "authors": [
                {
                    "name": "PHP-FIG",
                    "homepage": "https://www.php-fig.org/"
                }
            ],
            "description": "Common Container Interface (PHP FIG PSR-11)",
            "homepage": "https://github.com/php-fig/container",
            "keywords": [
                "PSR-11",
                "container",
                "container-interface",
                "container-interop",
                "psr"
            ],
            "support": {
                "issues": "https://github.com/php-fig/container/issues",
                "source": "https://github.com/php-fig/container/tree/1.1.1"
            },
            "time": "2021-03-05T17:36:06+00:00"
        },
        {
            "name": "psr/log",
            "version": "1.1.4",
            "source": {
                "type": "git",
                "url": "https://github.com/php-fig/log.git",
                "reference": "d49695b909c3b7628b6289db5479a1c204601f11"
            },
            "dist": {
                "type": "zip",
                "url": "https://api.github.com/repos/php-fig/log/zipball/d49695b909c3b7628b6289db5479a1c204601f11",
                "reference": "d49695b909c3b7628b6289db5479a1c204601f11",
                "shasum": ""
            },
            "require": {
                "php": ">=5.3.0"
            },
            "type": "library",
            "extra": {
                "branch-alias": {
                    "dev-master": "1.1.x-dev"
                }
            },
            "autoload": {
                "psr-4": {
                    "Psr\\Log\\": "Psr/Log/"
                }
            },
            "notification-url": "https://packagist.org/downloads/",
            "license": [
                "MIT"
            ],
            "authors": [
                {
                    "name": "PHP-FIG",
                    "homepage": "https://www.php-fig.org/"
                }
            ],
            "description": "Common interface for logging libraries",
            "homepage": "https://github.com/php-fig/log",
            "keywords": [
                "log",
                "psr",
                "psr-3"
            ],
            "support": {
                "source": "https://github.com/php-fig/log/tree/1.1.4"
            },
            "time": "2021-05-03T11:20:27+00:00"
        },
        {
            "name": "syntaxseed/iplimiter",
            "version": "v2.0.1",
            "source": {
                "type": "git",
                "url": "https://github.com/syntaxseed/iplimiter.git",
                "reference": "5abf607344714fb8e729c6dc19c2a4e150fec047"
            },
            "dist": {
                "type": "zip",
                "url": "https://api.github.com/repos/syntaxseed/iplimiter/zipball/5abf607344714fb8e729c6dc19c2a4e150fec047",
                "reference": "5abf607344714fb8e729c6dc19c2a4e150fec047",
                "shasum": ""
            },
            "require": {
                "php": ">=7.2"
            },
            "require-dev": {
                "phpunit/phpunit": "9.3.*"
            },
            "type": "library",
            "autoload": {
                "psr-4": {
                    "Syntaxseed\\IPLimiter\\": "src/"
                }
            },
            "notification-url": "https://packagist.org/downloads/",
            "license": [
                "MIT"
            ],
            "authors": [
                {
                    "name": "Sherri Wheeler",
                    "homepage": "http://syntaxseed.com",
                    "role": "Developer"
                }
            ],
            "description": "A PHP IP logging library (framework agnostic) to track attempts and time since last attempt for an event by an IP address. Run an event against a ruleset to determine pass/fail. Supports banning.",
            "keywords": [
                "IP",
                "ip address",
                "limiting",
                "logging",
                "pdo"
            ],
            "support": {
                "issues": "https://github.com/syntaxseed/iplimiter/issues",
                "source": "https://github.com/syntaxseed/iplimiter/tree/v2.0.1"
            },
            "time": "2020-10-05T18:29:36+00:00"
        },
        {
            "name": "syntaxseed/templateseed",
            "version": "v1.2.6",
            "source": {
                "type": "git",
                "url": "https://github.com/syntaxseed/templateseed.git",
                "reference": "ea5e6c5b3d1de3f19ee89d250fd1f7737c7633db"
            },
            "dist": {
                "type": "zip",
                "url": "https://api.github.com/repos/syntaxseed/templateseed/zipball/ea5e6c5b3d1de3f19ee89d250fd1f7737c7633db",
                "reference": "ea5e6c5b3d1de3f19ee89d250fd1f7737c7633db",
                "shasum": ""
            },
            "require": {
                "php": ">=5.6"
            },
            "require-dev": {
                "phpunit/phpunit": "^8"
            },
            "type": "library",
            "autoload": {
                "psr-4": {
                    "Syntaxseed\\Templateseed\\": "src/"
                }
            },
            "notification-url": "https://packagist.org/downloads/",
            "license": [
                "MIT"
            ],
            "authors": [
                {
                    "name": "Sherri Wheeler",
                    "email": "sherri.syntaxseed@ofitall.com",
                    "homepage": "http://syntaxseed.com",
                    "role": "Developer"
                }
            ],
            "description": "Lightweight and simple templating class for PHP. Caching, and natural PHP template syntax.",
            "keywords": [
                "composer",
                "package",
                "template",
                "templating",
                "view"
            ],
            "support": {
                "issues": "https://github.com/syntaxseed/templateseed/issues",
                "source": "https://github.com/syntaxseed/templateseed/tree/master"
            },
            "time": "2019-10-01T02:41:51+00:00"
        },
        {
            "name": "teamtnt/tntsearch",
            "version": "v2.8.0",
            "source": {
                "type": "git",
                "url": "https://github.com/teamtnt/tntsearch.git",
                "reference": "da6bda458ca96e784585d7940519be8483c56320"
            },
            "dist": {
                "type": "zip",
                "url": "https://api.github.com/repos/teamtnt/tntsearch/zipball/da6bda458ca96e784585d7940519be8483c56320",
                "reference": "da6bda458ca96e784585d7940519be8483c56320",
                "shasum": ""
            },
            "require": {
                "ext-mbstring": "*",
                "ext-pdo_sqlite": "*",
                "ext-sqlite3": "*",
                "php": "~7.1|^8"
            },
            "require-dev": {
                "phpunit/phpunit": "7.*|8.*|9.*",
                "symfony/var-dumper": "^4|^5.2"
            },
            "type": "library",
            "autoload": {
                "psr-4": {
                    "TeamTNT\\TNTSearch\\": "src"
                },
                "files": [
                    "helper/helpers.php"
                ]
            },
            "notification-url": "https://packagist.org/downloads/",
            "license": [
                "MIT"
            ],
            "authors": [
                {
                    "name": "Nenad Tičarić",
                    "email": "nticaric@gmail.com",
                    "homepage": "http://www.tntstudio.us",
                    "role": "Developer"
                }
            ],
            "description": "A fully featured full text search engine written in PHP",
            "homepage": "https://github.com/teamtnt/tntsearch",
            "keywords": [
                "Fuzzy search",
                "bm25",
                "fulltext",
                "geosearch",
                "search",
                "stemming",
                "teamtnt",
                "text classification",
                "tntsearch"
            ],
            "support": {
                "issues": "https://github.com/teamtnt/tntsearch/issues",
                "source": "https://github.com/teamtnt/tntsearch/tree/v2.8.0"
            },
            "funding": [
                {
                    "url": "https://ko-fi.com/nticaric",
                    "type": "ko_fi"
                },
                {
                    "url": "https://opencollective.com/tntsearch",
                    "type": "open_collective"
                },
                {
                    "url": "https://www.patreon.com/nticaric",
                    "type": "patreon"
                }
            ],
            "time": "2021-04-17T11:07:52+00:00"
        }
    ],
    "packages-dev": [],
    "aliases": [],
    "minimum-stability": "stable",
    "stability-flags": [],
    "prefer-stable": false,
    "prefer-lowest": false,
    "platform": [],
    "platform-dev": [],
    "plugin-api-version": "2.0.0"
}
