{
    "_readme": [
        "This file locks the dependencies of your project to a known state",
        "Read more about it at https://getcomposer.org/doc/01-basic-usage.md#installing-dependencies",
        "This file is @generated automatically"
    ],
    "content-hash": "75eaf325b11d3be80aef5f4b25b0495c",
    "packages": [
        {
            "name": "monolog/monolog",
            "version": "1.25.5",
            "source": {
                "type": "git",
                "url": "https://github.com/Seldaek/monolog.git",
                "reference": "1817faadd1846cd08be9a49e905dc68823bc38c0"
            },
            "dist": {
                "type": "zip",
                "url": "https://api.github.com/repos/Seldaek/monolog/zipball/1817faadd1846cd08be9a49e905dc68823bc38c0",
                "reference": "1817faadd1846cd08be9a49e905dc68823bc38c0",
                "shasum": ""
            },
            "require": {
                "php": ">=5.3.0",
                "psr/log": "~1.0"
            },
            "provide": {
                "psr/log-implementation": "1.0.0"
            },
            "require-dev": {
                "aws/aws-sdk-php": "^2.4.9 || ^3.0",
                "doctrine/couchdb": "~1.0@dev",
                "graylog2/gelf-php": "~1.0",
                "php-amqplib/php-amqplib": "~2.4",
                "php-console/php-console": "^3.1.3",
                "php-parallel-lint/php-parallel-lint": "^1.0",
                "phpunit/phpunit": "~4.5",
                "ruflin/elastica": ">=0.90 <3.0",
                "sentry/sentry": "^0.13",
                "swiftmailer/swiftmailer": "^5.3|^6.0"
            },
            "suggest": {
                "aws/aws-sdk-php": "Allow sending log messages to AWS services like DynamoDB",
                "doctrine/couchdb": "Allow sending log messages to a CouchDB server",
                "ext-amqp": "Allow sending log messages to an AMQP server (1.0+ required)",
                "ext-mongo": "Allow sending log messages to a MongoDB server",
                "graylog2/gelf-php": "Allow sending log messages to a GrayLog2 server",
                "mongodb/mongodb": "Allow sending log messages to a MongoDB server via PHP Driver",
                "php-amqplib/php-amqplib": "Allow sending log messages to an AMQP server using php-amqplib",
                "php-console/php-console": "Allow sending log messages to Google Chrome",
                "rollbar/rollbar": "Allow sending log messages to Rollbar",
                "ruflin/elastica": "Allow sending log messages to an Elastic Search server",
                "sentry/sentry": "Allow sending log messages to a Sentry server"
            },
            "type": "library",
            "extra": {
                "branch-alias": {
                    "dev-master": "2.0.x-dev"
                }
            },
            "autoload": {
                "psr-4": {
                    "Monolog\\": "src/Monolog"
                }
            },
            "notification-url": "https://packagist.org/downloads/",
            "license": [
                "MIT"
            ],
            "authors": [
                {
                    "name": "Jordi Boggiano",
                    "email": "j.boggiano@seld.be",
                    "homepage": "http://seld.be"
                }
            ],
            "description": "Sends your logs to files, sockets, inboxes, databases and various web services",
            "homepage": "http://github.com/Seldaek/monolog",
            "keywords": [
                "log",
                "logging",
                "psr-3"
            ],
            "funding": [
                {
                    "url": "https://github.com/Seldaek",
                    "type": "github"
                },
                {
                    "url": "https://tidelift.com/funding/github/packagist/monolog/monolog",
                    "type": "tidelift"
                }
            ],
            "time": "2020-07-23T08:35:51+00:00"
        },
        {
            "name": "pimple/pimple",
            "version": "v3.3.0",
            "source": {
                "type": "git",
                "url": "https://github.com/silexphp/Pimple.git",
                "reference": "e55d12f9d6a0e7f9c85992b73df1267f46279930"
            },
            "dist": {
                "type": "zip",
                "url": "https://api.github.com/repos/silexphp/Pimple/zipball/e55d12f9d6a0e7f9c85992b73df1267f46279930",
                "reference": "e55d12f9d6a0e7f9c85992b73df1267f46279930",
                "shasum": ""
            },
            "require": {
                "php": "^7.2.5",
                "psr/container": "^1.0"
            },
            "require-dev": {
                "symfony/phpunit-bridge": "^3.4|^4.4|^5.0"
            },
            "type": "library",
            "extra": {
                "branch-alias": {
                    "dev-master": "3.3.x-dev"
                }
            },
            "autoload": {
                "psr-0": {
                    "Pimple": "src/"
                }
            },
            "notification-url": "https://packagist.org/downloads/",
            "license": [
                "MIT"
            ],
            "authors": [
                {
                    "name": "Fabien Potencier",
                    "email": "fabien@symfony.com"
                }
            ],
            "description": "Pimple, a simple Dependency Injection Container",
            "homepage": "https://pimple.symfony.com",
            "keywords": [
                "container",
                "dependency injection"
            ],
            "time": "2020-03-03T09:12:48+00:00"
        },
        {
            "name": "psr/container",
            "version": "1.0.0",
            "source": {
                "type": "git",
                "url": "https://github.com/php-fig/container.git",
                "reference": "b7ce3b176482dbbc1245ebf52b181af44c2cf55f"
            },
            "dist": {
                "type": "zip",
                "url": "https://api.github.com/repos/php-fig/container/zipball/b7ce3b176482dbbc1245ebf52b181af44c2cf55f",
                "reference": "b7ce3b176482dbbc1245ebf52b181af44c2cf55f",
                "shasum": ""
            },
            "require": {
                "php": ">=5.3.0"
            },
            "type": "library",
            "extra": {
                "branch-alias": {
                    "dev-master": "1.0.x-dev"
                }
            },
            "autoload": {
                "psr-4": {
                    "Psr\\Container\\": "src/"
                }
            },
            "notification-url": "https://packagist.org/downloads/",
            "license": [
                "MIT"
            ],
            "authors": [
                {
                    "name": "PHP-FIG",
                    "homepage": "http://www.php-fig.org/"
                }
            ],
            "description": "Common Container Interface (PHP FIG PSR-11)",
            "homepage": "https://github.com/php-fig/container",
            "keywords": [
                "PSR-11",
                "container",
                "container-interface",
                "container-interop",
                "psr"
            ],
            "time": "2017-02-14T16:28:37+00:00"
        },
        {
            "name": "psr/log",
            "version": "1.1.3",
            "source": {
                "type": "git",
                "url": "https://github.com/php-fig/log.git",
                "reference": "0f73288fd15629204f9d42b7055f72dacbe811fc"
            },
            "dist": {
                "type": "zip",
                "url": "https://api.github.com/repos/php-fig/log/zipball/0f73288fd15629204f9d42b7055f72dacbe811fc",
                "reference": "0f73288fd15629204f9d42b7055f72dacbe811fc",
                "shasum": ""
            },
            "require": {
                "php": ">=5.3.0"
            },
            "type": "library",
            "extra": {
                "branch-alias": {
                    "dev-master": "1.1.x-dev"
                }
            },
            "autoload": {
                "psr-4": {
                    "Psr\\Log\\": "Psr/Log/"
                }
            },
            "notification-url": "https://packagist.org/downloads/",
            "license": [
                "MIT"
            ],
            "authors": [
                {
                    "name": "PHP-FIG",
                    "homepage": "http://www.php-fig.org/"
                }
            ],
            "description": "Common interface for logging libraries",
            "homepage": "https://github.com/php-fig/log",
            "keywords": [
                "log",
                "psr",
                "psr-3"
            ],
            "time": "2020-03-23T09:12:05+00:00"
        },
        {
            "name": "syntaxseed/iplimiter",
            "version": "v2.0.1",
            "source": {
                "type": "git",
                "url": "https://github.com/syntaxseed/iplimiter.git",
                "reference": "5abf607344714fb8e729c6dc19c2a4e150fec047"
            },
            "dist": {
                "type": "zip",
                "url": "https://api.github.com/repos/syntaxseed/iplimiter/zipball/5abf607344714fb8e729c6dc19c2a4e150fec047",
                "reference": "5abf607344714fb8e729c6dc19c2a4e150fec047",
                "shasum": ""
            },
            "require": {
                "php": ">=7.2"
            },
            "require-dev": {
                "phpunit/phpunit": "9.3.*"
            },
            "type": "library",
            "autoload": {
                "psr-4": {
                    "Syntaxseed\\IPLimiter\\": "src/"
                }
            },
            "notification-url": "https://packagist.org/downloads/",
            "license": [
                "MIT"
            ],
            "authors": [
                {
                    "name": "Sherri Wheeler",
                    "homepage": "http://syntaxseed.com",
                    "role": "Developer"
                }
            ],
            "description": "A PHP IP logging library (framework agnostic) to track attempts and time since last attempt for an event by an IP address. Run an event against a ruleset to determine pass/fail. Supports banning.",
            "keywords": [
                "IP",
                "ip address",
                "limiting",
                "logging",
                "pdo"
            ],
            "time": "2020-10-05T18:29:36+00:00"
        },
        {
            "name": "syntaxseed/templateseed",
            "version": "v1.2.6",
            "source": {
                "type": "git",
                "url": "https://github.com/syntaxseed/templateseed.git",
                "reference": "ea5e6c5b3d1de3f19ee89d250fd1f7737c7633db"
            },
            "dist": {
                "type": "zip",
                "url": "https://api.github.com/repos/syntaxseed/templateseed/zipball/ea5e6c5b3d1de3f19ee89d250fd1f7737c7633db",
                "reference": "ea5e6c5b3d1de3f19ee89d250fd1f7737c7633db",
                "shasum": ""
            },
            "require": {
                "php": ">=5.6"
            },
            "require-dev": {
                "phpunit/phpunit": "^8"
            },
            "type": "library",
            "autoload": {
                "psr-4": {
                    "Syntaxseed\\Templateseed\\": "src/"
                }
            },
            "notification-url": "https://packagist.org/downloads/",
            "license": [
                "MIT"
            ],
            "authors": [
                {
                    "name": "Sherri Wheeler",
                    "email": "sherri.syntaxseed@ofitall.com",
                    "homepage": "http://syntaxseed.com",
                    "role": "Developer"
                }
            ],
            "description": "Lightweight and simple templating class for PHP. Caching, and natural PHP template syntax.",
            "keywords": [
                "composer",
                "package",
                "template",
                "templating",
                "view"
            ],
            "time": "2019-10-01T02:41:51+00:00"
        },
        {
            "name": "teamtnt/tntsearch",
            "version": "v2.3.0",
            "source": {
                "type": "git",
                "url": "https://github.com/teamtnt/tntsearch.git",
                "reference": "01bb54c35a0c47eb41b145f76c384ef83b5a5852"
            },
            "dist": {
                "type": "zip",
                "url": "https://api.github.com/repos/teamtnt/tntsearch/zipball/01bb54c35a0c47eb41b145f76c384ef83b5a5852",
                "reference": "01bb54c35a0c47eb41b145f76c384ef83b5a5852",
                "shasum": ""
            },
            "require": {
                "ext-mbstring": "*",
                "ext-pdo_sqlite": "*",
                "ext-sqlite3": "*",
                "php": "~7.1"
            },
            "require-dev": {
                "phpunit/phpunit": "7.*"
            },
            "type": "library",
            "autoload": {
                "psr-4": {
                    "TeamTNT\\TNTSearch\\": "src"
                },
                "files": [
                    "helper/helpers.php"
                ]
            },
            "notification-url": "https://packagist.org/downloads/",
            "license": [
                "MIT"
            ],
            "authors": [
                {
                    "name": "Nenad Tičarić",
                    "email": "nticaric@gmail.com",
                    "homepage": "http://www.tntstudio.us",
                    "role": "Developer"
                }
            ],
            "description": "A fully featured full text search engine written in PHP",
            "homepage": "https://github.com/teamtnt/tntsearch",
            "keywords": [
                "Fuzzy search",
                "fulltext",
                "geosearch",
                "search",
                "teamtnt",
                "tntsearch"
            ],
            "funding": [
                {
                    "url": "https://ko-fi.com/nticaric",
                    "type": "ko_fi"
                },
                {
                    "url": "https://opencollective.com/tntsearch",
                    "type": "open_collective"
                },
                {
                    "url": "https://www.patreon.com/nticaric",
                    "type": "patreon"
                }
            ],
            "time": "2020-04-03T10:22:24+00:00"
        }
    ],
    "packages-dev": [],
    "aliases": [],
    "minimum-stability": "stable",
    "stability-flags": [],
    "prefer-stable": false,
    "prefer-lowest": false,
    "platform": [],
    "platform-dev": [],
    "plugin-api-version": "1.1.0"
}
